
Microsoft Visual Studio Solution File, Format Version 12.00
# Visual Studio 15
VisualStudioVersion = 15.0.27004.2010
MinimumVisualStudioVersion = 10.0.40219.1
Project("{54435603-DBB4-11D2-8724-00A0C9A8B90C}") = "Penggajian Koperasi", "Penggajian Koperasi\Penggajian Koperasi.vdproj", "{CF9A6BBF-4A65-4E9C-90B7-5DF423C4724A}"
EndProject
Global
	GlobalSection(SolutionConfigurationPlatforms) = preSolution
		Debug|Default = Debug|Default
		Release|Default = Release|Default
	EndGlobalSection
	GlobalSection(ProjectConfigurationPlatforms) = postSolution
		{CF9A6BBF-4A65-4E9C-90B7-5DF423C4724A}.Debug|Default.ActiveCfg = Debug
		{CF9A6BBF-4A65-4E9C-90B7-5DF423C4724A}.Debug|Default.Build.0 = Debug
		{CF9A6BBF-4A65-4E9C-90B7-5DF423C4724A}.Release|Default.ActiveCfg = Release
		{CF9A6BBF-4A65-4E9C-90B7-5DF423C4724A}.Release|Default.Build.0 = Release
	EndGlobalSection
	GlobalSection(SolutionProperties) = preSolution
		HideSolutionNode = FALSE
	EndGlobalSection
	GlobalSection(ExtensibilityGlobals) = postSolution
		SolutionGuid = {7E280E4E-745B-428A-BDAB-2DAFA2FAC5E7}
	EndGlobalSection
EndGlobal
