
Microsoft Visual Studio Solution File, Format Version 12.00
# Visual Studio 15
VisualStudioVersion = 15.0.28307.1000
MinimumVisualStudioVersion = 10.0.40219.1
Project("{F184B08F-C81C-45F6-A57F-5ABD9991F28F}") = "quick_count_pilkada2020", "quick_count_pilkada2020\quick_count_pilkada2020.vbproj", "{9F51DD83-AF2F-4E7F-ABDD-1884CE4B064F}"
EndProject
Global
	GlobalSection(SolutionConfigurationPlatforms) = preSolution
		Debug|Any CPU = Debug|Any CPU
		Release|Any CPU = Release|Any CPU
	EndGlobalSection
	GlobalSection(ProjectConfigurationPlatforms) = postSolution
		{9F51DD83-AF2F-4E7F-ABDD-1884CE4B064F}.Debug|Any CPU.ActiveCfg = Debug|Any CPU
		{9F51DD83-AF2F-4E7F-ABDD-1884CE4B064F}.Debug|Any CPU.Build.0 = Debug|Any CPU
		{9F51DD83-AF2F-4E7F-ABDD-1884CE4B064F}.Release|Any CPU.ActiveCfg = Release|Any CPU
		{9F51DD83-AF2F-4E7F-ABDD-1884CE4B064F}.Release|Any CPU.Build.0 = Release|Any CPU
	EndGlobalSection
	GlobalSection(SolutionProperties) = preSolution
		HideSolutionNode = FALSE
	EndGlobalSection
	GlobalSection(ExtensibilityGlobals) = postSolution
		SolutionGuid = {59FBF0CA-3795-4D0D-95C9-65B385FC0D77}
	EndGlobalSection
EndGlobal
