
Microsoft Visual Studio Solution File, Format Version 12.00
# Visual Studio 15
VisualStudioVersion = 15.0.27004.2010
MinimumVisualStudioVersion = 10.0.40219.1
Project("{54435603-DBB4-11D2-8724-00A0C9A8B90C}") = "Sistem Penggajian Koperasi NET.4.5 V.1.15", "Sistem Penggajian Koperasi NET.4.5 V.1.15\Sistem Penggajian Koperasi NET.4.5 V.1.15.vdproj", "{A72B6533-CCAC-48CC-B9F1-ACB8064CDD2C}"
EndProject
Global
	GlobalSection(SolutionConfigurationPlatforms) = preSolution
		Debug|Default = Debug|Default
		Release|Default = Release|Default
	EndGlobalSection
	GlobalSection(ProjectConfigurationPlatforms) = postSolution
		{A72B6533-CCAC-48CC-B9F1-ACB8064CDD2C}.Debug|Default.ActiveCfg = Debug
		{A72B6533-CCAC-48CC-B9F1-ACB8064CDD2C}.Debug|Default.Build.0 = Debug
		{A72B6533-CCAC-48CC-B9F1-ACB8064CDD2C}.Release|Default.ActiveCfg = Release
		{A72B6533-CCAC-48CC-B9F1-ACB8064CDD2C}.Release|Default.Build.0 = Release
	EndGlobalSection
	GlobalSection(SolutionProperties) = preSolution
		HideSolutionNode = FALSE
	EndGlobalSection
	GlobalSection(ExtensibilityGlobals) = postSolution
		SolutionGuid = {81A57175-7BC3-4CFC-A88D-0F6639AF6A38}
	EndGlobalSection
EndGlobal
