
Microsoft Visual Studio Solution File, Format Version 12.00
# Visual Studio 15
VisualStudioVersion = 15.0.27004.2010
MinimumVisualStudioVersion = 10.0.40219.1
Project("{54435603-DBB4-11D2-8724-00A0C9A8B90C}") = "Sistem Penggajian Koperasi NET 4.5 V 1.0.10", "Sistem Penggajian Koperasi NET 4.5 V 1.0.10\Sistem Penggajian Koperasi NET 4.5 V 1.0.10.vdproj", "{8C0EF43C-1BF8-4D05-894A-6C104B70D6FF}"
EndProject
Global
	GlobalSection(SolutionConfigurationPlatforms) = preSolution
		Debug|Default = Debug|Default
		Release|Default = Release|Default
	EndGlobalSection
	GlobalSection(ProjectConfigurationPlatforms) = postSolution
		{8C0EF43C-1BF8-4D05-894A-6C104B70D6FF}.Debug|Default.ActiveCfg = Debug
		{8C0EF43C-1BF8-4D05-894A-6C104B70D6FF}.Debug|Default.Build.0 = Debug
		{8C0EF43C-1BF8-4D05-894A-6C104B70D6FF}.Release|Default.ActiveCfg = Release
		{8C0EF43C-1BF8-4D05-894A-6C104B70D6FF}.Release|Default.Build.0 = Release
	EndGlobalSection
	GlobalSection(SolutionProperties) = preSolution
		HideSolutionNode = FALSE
	EndGlobalSection
	GlobalSection(ExtensibilityGlobals) = postSolution
		SolutionGuid = {603DE294-974A-4A67-AD4A-F18DF7FF569F}
	EndGlobalSection
EndGlobal
