
Microsoft Visual Studio Solution File, Format Version 12.00
# Visual Studio 15
VisualStudioVersion = 15.0.27004.2010
MinimumVisualStudioVersion = 10.0.40219.1
Project("{54435603-DBB4-11D2-8724-00A0C9A8B90C}") = "Sistem Penggajian NET 4.5", "Sistem Penggajian NET 4.5\Sistem Penggajian NET 4.5.vdproj", "{448AD430-F2F4-4634-810B-02A3031AC634}"
EndProject
Global
	GlobalSection(SolutionConfigurationPlatforms) = preSolution
		Debug|Default = Debug|Default
		Release|Default = Release|Default
	EndGlobalSection
	GlobalSection(ProjectConfigurationPlatforms) = postSolution
		{448AD430-F2F4-4634-810B-02A3031AC634}.Debug|Default.ActiveCfg = Debug
		{448AD430-F2F4-4634-810B-02A3031AC634}.Debug|Default.Build.0 = Debug
		{448AD430-F2F4-4634-810B-02A3031AC634}.Release|Default.ActiveCfg = Release
		{448AD430-F2F4-4634-810B-02A3031AC634}.Release|Default.Build.0 = Release
	EndGlobalSection
	GlobalSection(SolutionProperties) = preSolution
		HideSolutionNode = FALSE
	EndGlobalSection
	GlobalSection(ExtensibilityGlobals) = postSolution
		SolutionGuid = {07597504-023A-4566-BDBE-26758740FCF1}
	EndGlobalSection
EndGlobal
