
Microsoft Visual Studio Solution File, Format Version 12.00
# Visual Studio 15
VisualStudioVersion = 15.0.27004.2010
MinimumVisualStudioVersion = 10.0.40219.1
Project("{54435603-DBB4-11D2-8724-00A0C9A8B90C}") = "Sistem Penggajian V1.0.0.4", "Sistem Penggajian V1.0.0.4\Sistem Penggajian V1.0.0.4.vdproj", "{82DB08BF-0DEA-4F53-8941-2AA6C2702470}"
EndProject
Global
	GlobalSection(SolutionConfigurationPlatforms) = preSolution
		Debug|Default = Debug|Default
		Release|Default = Release|Default
	EndGlobalSection
	GlobalSection(ProjectConfigurationPlatforms) = postSolution
		{82DB08BF-0DEA-4F53-8941-2AA6C2702470}.Debug|Default.ActiveCfg = Debug
		{82DB08BF-0DEA-4F53-8941-2AA6C2702470}.Debug|Default.Build.0 = Debug
		{82DB08BF-0DEA-4F53-8941-2AA6C2702470}.Release|Default.ActiveCfg = Release
		{82DB08BF-0DEA-4F53-8941-2AA6C2702470}.Release|Default.Build.0 = Release
	EndGlobalSection
	GlobalSection(SolutionProperties) = preSolution
		HideSolutionNode = FALSE
	EndGlobalSection
	GlobalSection(ExtensibilityGlobals) = postSolution
		SolutionGuid = {66497FA8-7F91-426C-B8E6-B004E3B81781}
	EndGlobalSection
EndGlobal
