
Microsoft Visual Studio Solution File, Format Version 12.00
# Visual Studio 15
VisualStudioVersion = 15.0.27004.2010
MinimumVisualStudioVersion = 10.0.40219.1
Project("{54435603-DBB4-11D2-8724-00A0C9A8B90C}") = "Sistem Penggajian V.1.08", "Sistem Penggajian V.1.08\Sistem Penggajian V.1.08.vdproj", "{D4BD6785-A2ED-4015-8884-AB579DC17AB7}"
EndProject
Global
	GlobalSection(SolutionConfigurationPlatforms) = preSolution
		Debug|Any CPU = Debug|Any CPU
		Debug|Default = Debug|Default
		Release|Any CPU = Release|Any CPU
		Release|Default = Release|Default
	EndGlobalSection
	GlobalSection(ProjectConfigurationPlatforms) = postSolution
		{D4BD6785-A2ED-4015-8884-AB579DC17AB7}.Debug|Any CPU.ActiveCfg = Debug
		{D4BD6785-A2ED-4015-8884-AB579DC17AB7}.Debug|Any CPU.Build.0 = Debug
		{D4BD6785-A2ED-4015-8884-AB579DC17AB7}.Debug|Default.ActiveCfg = Debug
		{D4BD6785-A2ED-4015-8884-AB579DC17AB7}.Debug|Default.Build.0 = Debug
		{D4BD6785-A2ED-4015-8884-AB579DC17AB7}.Release|Any CPU.ActiveCfg = Release
		{D4BD6785-A2ED-4015-8884-AB579DC17AB7}.Release|Any CPU.Build.0 = Release
		{D4BD6785-A2ED-4015-8884-AB579DC17AB7}.Release|Default.ActiveCfg = Release
		{D4BD6785-A2ED-4015-8884-AB579DC17AB7}.Release|Default.Build.0 = Release
	EndGlobalSection
	GlobalSection(SolutionProperties) = preSolution
		HideSolutionNode = FALSE
	EndGlobalSection
	GlobalSection(ExtensibilityGlobals) = postSolution
		SolutionGuid = {EBB88D53-49CF-4F96-937D-F419E9C623BD}
	EndGlobalSection
EndGlobal
