
Microsoft Visual Studio Solution File, Format Version 12.00
# Visual Studio 15
VisualStudioVersion = 15.0.27004.2010
MinimumVisualStudioVersion = 10.0.40219.1
Project("{54435603-DBB4-11D2-8724-00A0C9A8B90C}") = "Instalan Aplikasi", "Instalan Aplikasi\Instalan Aplikasi.vdproj", "{5F39572E-90FF-47CE-8183-49E1C743CE3A}"
EndProject
Global
	GlobalSection(SolutionConfigurationPlatforms) = preSolution
		Debug|Default = Debug|Default
		Release|Default = Release|Default
	EndGlobalSection
	GlobalSection(ProjectConfigurationPlatforms) = postSolution
		{5F39572E-90FF-47CE-8183-49E1C743CE3A}.Debug|Default.ActiveCfg = Debug
		{5F39572E-90FF-47CE-8183-49E1C743CE3A}.Debug|Default.Build.0 = Debug
		{5F39572E-90FF-47CE-8183-49E1C743CE3A}.Release|Default.ActiveCfg = Release
		{5F39572E-90FF-47CE-8183-49E1C743CE3A}.Release|Default.Build.0 = Release
	EndGlobalSection
	GlobalSection(SolutionProperties) = preSolution
		HideSolutionNode = FALSE
	EndGlobalSection
	GlobalSection(ExtensibilityGlobals) = postSolution
		SolutionGuid = {B36A7D8B-F4B7-4DE5-A996-E376486E363F}
	EndGlobalSection
EndGlobal
