
Microsoft Visual Studio Solution File, Format Version 12.00
# Visual Studio 15
VisualStudioVersion = 15.0.27004.2010
MinimumVisualStudioVersion = 10.0.40219.1
Project("{54435603-DBB4-11D2-8724-00A0C9A8B90C}") = "Setup1", "Setup1\Setup1.vdproj", "{7B93FA91-C05A-4986-99B1-AAFD3BF3EC69}"
EndProject
Global
	GlobalSection(SolutionConfigurationPlatforms) = preSolution
		Debug|Default = Debug|Default
		Release|Default = Release|Default
	EndGlobalSection
	GlobalSection(ProjectConfigurationPlatforms) = postSolution
		{7B93FA91-C05A-4986-99B1-AAFD3BF3EC69}.Debug|Default.ActiveCfg = Debug
		{7B93FA91-C05A-4986-99B1-AAFD3BF3EC69}.Debug|Default.Build.0 = Debug
		{7B93FA91-C05A-4986-99B1-AAFD3BF3EC69}.Release|Default.ActiveCfg = Release
		{7B93FA91-C05A-4986-99B1-AAFD3BF3EC69}.Release|Default.Build.0 = Release
	EndGlobalSection
	GlobalSection(SolutionProperties) = preSolution
		HideSolutionNode = FALSE
	EndGlobalSection
	GlobalSection(ExtensibilityGlobals) = postSolution
		SolutionGuid = {8C9C9A1A-D07F-48E9-B16E-14B1517DE0BF}
	EndGlobalSection
EndGlobal
