
Microsoft Visual Studio Solution File, Format Version 12.00
# Visual Studio 15
VisualStudioVersion = 15.0.27004.2010
MinimumVisualStudioVersion = 10.0.40219.1
Project("{54435603-DBB4-11D2-8724-00A0C9A8B90C}") = "Sistem Penggajian Koperasi", "Sistem Penggajian Koperasi\Sistem Penggajian Koperasi.vdproj", "{13DC22FB-410D-444D-BBF1-94043216D97B}"
EndProject
Global
	GlobalSection(SolutionConfigurationPlatforms) = preSolution
		Debug|Default = Debug|Default
		Release|Default = Release|Default
	EndGlobalSection
	GlobalSection(ProjectConfigurationPlatforms) = postSolution
		{13DC22FB-410D-444D-BBF1-94043216D97B}.Debug|Default.ActiveCfg = Debug
		{13DC22FB-410D-444D-BBF1-94043216D97B}.Debug|Default.Build.0 = Debug
		{13DC22FB-410D-444D-BBF1-94043216D97B}.Release|Default.ActiveCfg = Release
		{13DC22FB-410D-444D-BBF1-94043216D97B}.Release|Default.Build.0 = Release
	EndGlobalSection
	GlobalSection(SolutionProperties) = preSolution
		HideSolutionNode = FALSE
	EndGlobalSection
	GlobalSection(ExtensibilityGlobals) = postSolution
		SolutionGuid = {B8392079-6669-420B-9461-71FB08EB32B4}
	EndGlobalSection
EndGlobal
