
Microsoft Visual Studio Solution File, Format Version 12.00
# Visual Studio 15
VisualStudioVersion = 15.0.27004.2010
MinimumVisualStudioVersion = 10.0.40219.1
Project("{54435603-DBB4-11D2-8724-00A0C9A8B90C}") = "Sistem Penggajian V.1.0.5", "Sistem Penggajian V.1.0.5\Sistem Penggajian V.1.0.5.vdproj", "{909F26FB-9C39-4A2F-AAAE-06F69B66AEAC}"
EndProject
Global
	GlobalSection(SolutionConfigurationPlatforms) = preSolution
		Debug|Default = Debug|Default
		Release|Default = Release|Default
	EndGlobalSection
	GlobalSection(ProjectConfigurationPlatforms) = postSolution
		{909F26FB-9C39-4A2F-AAAE-06F69B66AEAC}.Debug|Default.ActiveCfg = Debug
		{909F26FB-9C39-4A2F-AAAE-06F69B66AEAC}.Debug|Default.Build.0 = Debug
		{909F26FB-9C39-4A2F-AAAE-06F69B66AEAC}.Release|Default.ActiveCfg = Release
		{909F26FB-9C39-4A2F-AAAE-06F69B66AEAC}.Release|Default.Build.0 = Release
	EndGlobalSection
	GlobalSection(SolutionProperties) = preSolution
		HideSolutionNode = FALSE
	EndGlobalSection
	GlobalSection(ExtensibilityGlobals) = postSolution
		SolutionGuid = {545165B1-5E16-41EF-AF54-427DDCC6A41A}
	EndGlobalSection
EndGlobal
